
Microsoft Visual Studio Solution File, Format Version 12.00
# Visual Studio Version 17
VisualStudioVersion = 17.14.36121.58
MinimumVisualStudioVersion = 10.0.40219.1
Project("{FAE04EC0-301F-11D3-BF4B-00C04F79EFBC}") = "Basico", "Basico.csproj", "{C2C0E27F-DE8F-456A-96A7-92DAB0389355}"
EndProject
Project("{FAE04EC0-301F-11D3-BF4B-00C04F79EFBC}") = "Basico.Lang", "..\Basico.Lang\Basico.Lang.csproj", "{65A80B62-74C0-40B0-BB64-1C0ADE3F4969}"
EndProject
Global
	GlobalSection(SolutionConfigurationPlatforms) = preSolution
		Debug|Any CPU = Debug|Any CPU
		Debug|x64 = Debug|x64
		Debug|x86 = Debug|x86
		Release|Any CPU = Release|Any CPU
		Release|x64 = Release|x64
		Release|x86 = Release|x86
	EndGlobalSection
	GlobalSection(ProjectConfigurationPlatforms) = postSolution
		{C2C0E27F-DE8F-456A-96A7-92DAB0389355}.Debug|Any CPU.ActiveCfg = Debug|Any CPU
		{C2C0E27F-DE8F-456A-96A7-92DAB0389355}.Debug|Any CPU.Build.0 = Debug|Any CPU
		{C2C0E27F-DE8F-456A-96A7-92DAB0389355}.Debug|x64.ActiveCfg = Debug|Any CPU
		{C2C0E27F-DE8F-456A-96A7-92DAB0389355}.Debug|x64.Build.0 = Debug|Any CPU
		{C2C0E27F-DE8F-456A-96A7-92DAB0389355}.Debug|x86.ActiveCfg = Debug|Any CPU
		{C2C0E27F-DE8F-456A-96A7-92DAB0389355}.Debug|x86.Build.0 = Debug|Any CPU
		{C2C0E27F-DE8F-456A-96A7-92DAB0389355}.Release|Any CPU.ActiveCfg = Release|Any CPU
		{C2C0E27F-DE8F-456A-96A7-92DAB0389355}.Release|Any CPU.Build.0 = Release|Any CPU
		{C2C0E27F-DE8F-456A-96A7-92DAB0389355}.Release|x64.ActiveCfg = Release|Any CPU
		{C2C0E27F-DE8F-456A-96A7-92DAB0389355}.Release|x64.Build.0 = Release|Any CPU
		{C2C0E27F-DE8F-456A-96A7-92DAB0389355}.Release|x86.ActiveCfg = Release|Any CPU
		{C2C0E27F-DE8F-456A-96A7-92DAB0389355}.Release|x86.Build.0 = Release|Any CPU
		{65A80B62-74C0-40B0-BB64-1C0ADE3F4969}.Debug|Any CPU.ActiveCfg = Debug|Any CPU
		{65A80B62-74C0-40B0-BB64-1C0ADE3F4969}.Debug|Any CPU.Build.0 = Debug|Any CPU
		{65A80B62-74C0-40B0-BB64-1C0ADE3F4969}.Debug|x64.ActiveCfg = Debug|Any CPU
		{65A80B62-74C0-40B0-BB64-1C0ADE3F4969}.Debug|x64.Build.0 = Debug|Any CPU
		{65A80B62-74C0-40B0-BB64-1C0ADE3F4969}.Debug|x86.ActiveCfg = Debug|Any CPU
		{65A80B62-74C0-40B0-BB64-1C0ADE3F4969}.Debug|x86.Build.0 = Debug|Any CPU
		{65A80B62-74C0-40B0-BB64-1C0ADE3F4969}.Release|Any CPU.ActiveCfg = Release|Any CPU
		{65A80B62-74C0-40B0-BB64-1C0ADE3F4969}.Release|Any CPU.Build.0 = Release|Any CPU
		{65A80B62-74C0-40B0-BB64-1C0ADE3F4969}.Release|x64.ActiveCfg = Release|Any CPU
		{65A80B62-74C0-40B0-BB64-1C0ADE3F4969}.Release|x64.Build.0 = Release|Any CPU
		{65A80B62-74C0-40B0-BB64-1C0ADE3F4969}.Release|x86.ActiveCfg = Release|Any CPU
		{65A80B62-74C0-40B0-BB64-1C0ADE3F4969}.Release|x86.Build.0 = Release|Any CPU
	EndGlobalSection
	GlobalSection(SolutionProperties) = preSolution
		HideSolutionNode = FALSE
	EndGlobalSection
	GlobalSection(ExtensibilityGlobals) = postSolution
		SolutionGuid = {DC119813-436D-4916-BBD7-0F502C0A6E72}
	EndGlobalSection
EndGlobal
